# This file is autogenerated, do not edit; changes may be undone by the next 'dep ensure'.


[[projects]]
  name = "github.com/boltdb/bolt"
  packages = ["."]
  revision = "2f1ce7a837dcb8da3ec595b1dac9d0632f0f99e8"
  version = "v1.3.1"

[[projects]]
  name = "github.com/pkg/errors"
  packages = ["."]
  revision = "645ef00459ed84a119197bfb8d8205042c6df63d"
  version = "v0.8.0"

[[projects]]
  branch = "master"
  name = "golang.org/x/sys"
  packages = ["unix"]
  revision = "d641721ec2dead6fe5ca284096fe4b1fcd49e427"

[solve-meta]
  analyzer-name = "dep"
  analyzer-version = 1
  inputs-digest = "aff17cf59d43fcad81c85f91b793eb1d88438e996c489f620f3c7ee4695e08c5"
  solver-name = "gps-cdcl"
  solver-version = 1
